
Microsoft Visual Studio Solution File, Format Version 12.00
# Visual Studio Version 17
VisualStudioVersion = 17.6.33815.320
MinimumVisualStudioVersion = 10.0.40219.1
Project("{2150E333-8FDC-42A3-9474-1A3956D46DE8}") = "Services", "Services", "{0E6A8C5D-4D4E-42B6-A158-D62C3D7F17AA}"
EndProject
Project("{2150E333-8FDC-42A3-9474-1A3956D46DE8}") = "Catalog", "Catalog", "{FE44304F-CB74-41E5-A6EA-0C22A51F1DC6}"
EndProject
Project("{9A19103F-16F7-4668-BE54-9A1E7A4F7556}") = "Catalog.API", "Services\Catalog\Catalog.API\Catalog.API.csproj", "{49E878E2-76C0-4112-B8D6-6EEFE8C7657B}"
EndProject
Project("{2150E333-8FDC-42A3-9474-1A3956D46DE8}") = "Basket", "Basket", "{56BEDEB8-7032-43F2-9505-5E248D9D316E}"
EndProject
Project("{9A19103F-16F7-4668-BE54-9A1E7A4F7556}") = "Basket.API", "Services\Basket\Basket.API\Basket.API.csproj", "{258B7CBE-A78E-4B48-B343-1BE1AD03BF22}"
EndProject
Project("{2150E333-8FDC-42A3-9474-1A3956D46DE8}") = "Discount", "Discount", "{B54FE582-D7E2-4BFD-A32D-C671F982B01A}"
EndProject
Project("{9A19103F-16F7-4668-BE54-9A1E7A4F7556}") = "Discount.API", "Services\Discount\Discount.API\Discount.API.csproj", "{91BE2019-94A8-4C6D-B1F5-0D80DF22E0F0}"
EndProject
Project("{2150E333-8FDC-42A3-9474-1A3956D46DE8}") = "BuildingBlocks", "BuildingBlocks", "{5FABC820-E477-4AB9-848D-AB05D89E185B}"
EndProject
Project("{9A19103F-16F7-4668-BE54-9A1E7A4F7556}") = "EventBus.Messages", "BuildingBlocks\EventBus.Messages\EventBus.Messages.csproj", "{1927026E-4217-454A-AD29-A275D5985265}"
EndProject
Project("{2150E333-8FDC-42A3-9474-1A3956D46DE8}") = "Ordering", "Ordering", "{D16780FC-938B-4D28-A0C3-6ABBB8CBE25C}"
EndProject
Project("{9A19103F-16F7-4668-BE54-9A1E7A4F7556}") = "Ordering.API", "Services\Ordering\Ordering.API\Ordering.API.csproj", "{A4E9A44A-1712-448F-B783-CA159E3136A8}"
EndProject
Project("{9A19103F-16F7-4668-BE54-9A1E7A4F7556}") = "Ordering.Domain", "Services\Ordering\Ordering.Domain\Ordering.Domain.csproj", "{41B6E843-5654-40D9-A4B9-083C80CABCC0}"
EndProject
Project("{9A19103F-16F7-4668-BE54-9A1E7A4F7556}") = "Ordering.Application", "Services\Ordering\Ordering.Application\Ordering.Application.csproj", "{63CA9073-496D-49B0-A2AD-B8E83892403B}"
EndProject
Project("{9A19103F-16F7-4668-BE54-9A1E7A4F7556}") = "Ordering.Infrastructure", "Services\Ordering\Ordering.Infrastructure\Ordering.Infrastructure.csproj", "{6639B203-0630-4EB1-86F1-D20750983FCF}"
EndProject
Project("{2150E333-8FDC-42A3-9474-1A3956D46DE8}") = "ApiGetways", "ApiGetways", "{F54915DC-69B0-411F-8B49-23727F993241}"
EndProject
Project("{FAE04EC0-301F-11D3-BF4B-00C04F79EFBC}") = "OcelotApiGw", "ApiGateways\OcelotApiGw\OcelotApiGw.csproj", "{9BD31425-0F00-43A2-964C-D24B204018A6}"
EndProject
Global
	GlobalSection(SolutionConfigurationPlatforms) = preSolution
		Debug|Any CPU = Debug|Any CPU
		Release|Any CPU = Release|Any CPU
	EndGlobalSection
	GlobalSection(ProjectConfigurationPlatforms) = postSolution
		{49E878E2-76C0-4112-B8D6-6EEFE8C7657B}.Debug|Any CPU.ActiveCfg = Debug|Any CPU
		{49E878E2-76C0-4112-B8D6-6EEFE8C7657B}.Debug|Any CPU.Build.0 = Debug|Any CPU
		{49E878E2-76C0-4112-B8D6-6EEFE8C7657B}.Release|Any CPU.ActiveCfg = Release|Any CPU
		{49E878E2-76C0-4112-B8D6-6EEFE8C7657B}.Release|Any CPU.Build.0 = Release|Any CPU
		{258B7CBE-A78E-4B48-B343-1BE1AD03BF22}.Debug|Any CPU.ActiveCfg = Debug|Any CPU
		{258B7CBE-A78E-4B48-B343-1BE1AD03BF22}.Debug|Any CPU.Build.0 = Debug|Any CPU
		{258B7CBE-A78E-4B48-B343-1BE1AD03BF22}.Release|Any CPU.ActiveCfg = Release|Any CPU
		{258B7CBE-A78E-4B48-B343-1BE1AD03BF22}.Release|Any CPU.Build.0 = Release|Any CPU
		{91BE2019-94A8-4C6D-B1F5-0D80DF22E0F0}.Debug|Any CPU.ActiveCfg = Debug|Any CPU
		{91BE2019-94A8-4C6D-B1F5-0D80DF22E0F0}.Debug|Any CPU.Build.0 = Debug|Any CPU
		{91BE2019-94A8-4C6D-B1F5-0D80DF22E0F0}.Release|Any CPU.ActiveCfg = Release|Any CPU
		{91BE2019-94A8-4C6D-B1F5-0D80DF22E0F0}.Release|Any CPU.Build.0 = Release|Any CPU
		{1927026E-4217-454A-AD29-A275D5985265}.Debug|Any CPU.ActiveCfg = Debug|Any CPU
		{1927026E-4217-454A-AD29-A275D5985265}.Debug|Any CPU.Build.0 = Debug|Any CPU
		{1927026E-4217-454A-AD29-A275D5985265}.Release|Any CPU.ActiveCfg = Release|Any CPU
		{1927026E-4217-454A-AD29-A275D5985265}.Release|Any CPU.Build.0 = Release|Any CPU
		{A4E9A44A-1712-448F-B783-CA159E3136A8}.Debug|Any CPU.ActiveCfg = Debug|Any CPU
		{A4E9A44A-1712-448F-B783-CA159E3136A8}.Debug|Any CPU.Build.0 = Debug|Any CPU
		{A4E9A44A-1712-448F-B783-CA159E3136A8}.Release|Any CPU.ActiveCfg = Release|Any CPU
		{A4E9A44A-1712-448F-B783-CA159E3136A8}.Release|Any CPU.Build.0 = Release|Any CPU
		{41B6E843-5654-40D9-A4B9-083C80CABCC0}.Debug|Any CPU.ActiveCfg = Debug|Any CPU
		{41B6E843-5654-40D9-A4B9-083C80CABCC0}.Debug|Any CPU.Build.0 = Debug|Any CPU
		{41B6E843-5654-40D9-A4B9-083C80CABCC0}.Release|Any CPU.ActiveCfg = Release|Any CPU
		{41B6E843-5654-40D9-A4B9-083C80CABCC0}.Release|Any CPU.Build.0 = Release|Any CPU
		{63CA9073-496D-49B0-A2AD-B8E83892403B}.Debug|Any CPU.ActiveCfg = Debug|Any CPU
		{63CA9073-496D-49B0-A2AD-B8E83892403B}.Debug|Any CPU.Build.0 = Debug|Any CPU
		{63CA9073-496D-49B0-A2AD-B8E83892403B}.Release|Any CPU.ActiveCfg = Release|Any CPU
		{63CA9073-496D-49B0-A2AD-B8E83892403B}.Release|Any CPU.Build.0 = Release|Any CPU
		{6639B203-0630-4EB1-86F1-D20750983FCF}.Debug|Any CPU.ActiveCfg = Debug|Any CPU
		{6639B203-0630-4EB1-86F1-D20750983FCF}.Debug|Any CPU.Build.0 = Debug|Any CPU
		{6639B203-0630-4EB1-86F1-D20750983FCF}.Release|Any CPU.ActiveCfg = Release|Any CPU
		{6639B203-0630-4EB1-86F1-D20750983FCF}.Release|Any CPU.Build.0 = Release|Any CPU
		{9BD31425-0F00-43A2-964C-D24B204018A6}.Debug|Any CPU.ActiveCfg = Debug|Any CPU
		{9BD31425-0F00-43A2-964C-D24B204018A6}.Debug|Any CPU.Build.0 = Debug|Any CPU
		{9BD31425-0F00-43A2-964C-D24B204018A6}.Release|Any CPU.ActiveCfg = Release|Any CPU
		{9BD31425-0F00-43A2-964C-D24B204018A6}.Release|Any CPU.Build.0 = Release|Any CPU
	EndGlobalSection
	GlobalSection(SolutionProperties) = preSolution
		HideSolutionNode = FALSE
	EndGlobalSection
	GlobalSection(NestedProjects) = preSolution
		{FE44304F-CB74-41E5-A6EA-0C22A51F1DC6} = {0E6A8C5D-4D4E-42B6-A158-D62C3D7F17AA}
		{49E878E2-76C0-4112-B8D6-6EEFE8C7657B} = {FE44304F-CB74-41E5-A6EA-0C22A51F1DC6}
		{56BEDEB8-7032-43F2-9505-5E248D9D316E} = {0E6A8C5D-4D4E-42B6-A158-D62C3D7F17AA}
		{258B7CBE-A78E-4B48-B343-1BE1AD03BF22} = {56BEDEB8-7032-43F2-9505-5E248D9D316E}
		{B54FE582-D7E2-4BFD-A32D-C671F982B01A} = {0E6A8C5D-4D4E-42B6-A158-D62C3D7F17AA}
		{91BE2019-94A8-4C6D-B1F5-0D80DF22E0F0} = {B54FE582-D7E2-4BFD-A32D-C671F982B01A}
		{1927026E-4217-454A-AD29-A275D5985265} = {5FABC820-E477-4AB9-848D-AB05D89E185B}
		{D16780FC-938B-4D28-A0C3-6ABBB8CBE25C} = {0E6A8C5D-4D4E-42B6-A158-D62C3D7F17AA}
		{A4E9A44A-1712-448F-B783-CA159E3136A8} = {D16780FC-938B-4D28-A0C3-6ABBB8CBE25C}
		{41B6E843-5654-40D9-A4B9-083C80CABCC0} = {D16780FC-938B-4D28-A0C3-6ABBB8CBE25C}
		{63CA9073-496D-49B0-A2AD-B8E83892403B} = {D16780FC-938B-4D28-A0C3-6ABBB8CBE25C}
		{6639B203-0630-4EB1-86F1-D20750983FCF} = {D16780FC-938B-4D28-A0C3-6ABBB8CBE25C}
		{9BD31425-0F00-43A2-964C-D24B204018A6} = {F54915DC-69B0-411F-8B49-23727F993241}
	EndGlobalSection
	GlobalSection(ExtensibilityGlobals) = postSolution
		SolutionGuid = {07E5911C-4812-4DAD-86FF-2104D8F00357}
	EndGlobalSection
EndGlobal
